
Microsoft Visual Studio Solution File, Format Version 12.00
# Visual Studio 15
VisualStudioVersion = 15.0.28307.168
MinimumVisualStudioVersion = 10.0.40219.1
Project("{8BC9CEB8-8B4A-11D0-8D11-00A0C91BC942}") = "Example-001", "Example-001.vcxproj", "{1BDB3A94-DE8D-4B28-95AB-8CAC6D04254C}"
EndProject
Global
	GlobalSection(SolutionConfigurationPlatforms) = preSolution
		Debug|x64 = Debug|x64
		Debug|x86 = Debug|x86
		Release|x64 = Release|x64
		Release|x86 = Release|x86
	EndGlobalSection
	GlobalSection(ProjectConfigurationPlatforms) = postSolution
		{1BDB3A94-DE8D-4B28-95AB-8CAC6D04254C}.Debug|x64.ActiveCfg = Debug|x64
		{1BDB3A94-DE8D-4B28-95AB-8CAC6D04254C}.Debug|x64.Build.0 = Debug|x64
		{1BDB3A94-DE8D-4B28-95AB-8CAC6D04254C}.Debug|x86.ActiveCfg = Debug|Win32
		{1BDB3A94-DE8D-4B28-95AB-8CAC6D04254C}.Debug|x86.Build.0 = Debug|Win32
		{1BDB3A94-DE8D-4B28-95AB-8CAC6D04254C}.Release|x64.ActiveCfg = Release|x64
		{1BDB3A94-DE8D-4B28-95AB-8CAC6D04254C}.Release|x64.Build.0 = Release|x64
		{1BDB3A94-DE8D-4B28-95AB-8CAC6D04254C}.Release|x86.ActiveCfg = Release|Win32
		{1BDB3A94-DE8D-4B28-95AB-8CAC6D04254C}.Release|x86.Build.0 = Release|Win32
	EndGlobalSection
	GlobalSection(SolutionProperties) = preSolution
		HideSolutionNode = FALSE
	EndGlobalSection
	GlobalSection(ExtensibilityGlobals) = postSolution
		SolutionGuid = {8D37D9B8-0827-4DD3-B9FD-52891B7100F7}
	EndGlobalSection
EndGlobal
