// !$*UTF8*$!
{
	archiveVersion = 1;
	classes = {
	};
	objectVersion = 46;
	objects = {

/* Begin PBXBuildFile section */
		63BD14F31DF38DF0008A5134 /* main.cpp in Sources */ = {isa = PBXBuildFile; fileRef = 63BD14F11DF38DF0008A5134 /* main.cpp */; };
		63BD14F41DF38DF0008A5134 /* myfunc.cpp in Sources */ = {isa = PBXBuildFile; fileRef = 63BD14F21DF38DF0008A5134 /* myfunc.cpp */; };
/* End PBXBuildFile section */

/* Begin PBXCopyFilesBuildPhase section */
		63875A121DF38D9200867C2C /* CopyFiles */ = {
			isa = PBXCopyFilesBuildPhase;
			buildActionMask = 2147483647;
			dstPath = /usr/share/man/man1/;
			dstSubfolderSpec = 0;
			files = (
			);
			runOnlyForDeploymentPostprocessing = 1;
		};
/* End PBXCopyFilesBuildPhase section */

/* Begin PBXFileReference section */
		6314EDF61F044BB400BB4CC8 /* myfunc.h */ = {isa = PBXFileReference; fileEncoding = 4; lastKnownFileType = sourcecode.c.h; name = myfunc.h; path = ../include/myfunc.h; sourceTree = "<group>"; };
		63875A141DF38D9200867C2C /* Example-005 */ = {isa = PBXFileReference; explicitFileType = "compiled.mach-o.executable"; includeInIndex = 0; path = "Example-005"; sourceTree = BUILT_PRODUCTS_DIR; };
		63BD14F11DF38DF0008A5134 /* main.cpp */ = {isa = PBXFileReference; fileEncoding = 4; lastKnownFileType = sourcecode.cpp.cpp; name = main.cpp; path = ../src/main.cpp; sourceTree = "<group>"; };
		63BD14F21DF38DF0008A5134 /* myfunc.cpp */ = {isa = PBXFileReference; fileEncoding = 4; lastKnownFileType = sourcecode.cpp.cpp; name = myfunc.cpp; path = ../src/myfunc.cpp; sourceTree = "<group>"; };
/* End PBXFileReference section */

/* Begin PBXFrameworksBuildPhase section */
		63875A111DF38D9200867C2C /* Frameworks */ = {
			isa = PBXFrameworksBuildPhase;
			buildActionMask = 2147483647;
			files = (
			);
			runOnlyForDeploymentPostprocessing = 0;
		};
/* End PBXFrameworksBuildPhase section */

/* Begin PBXGroup section */
		63875A0B1DF38D9100867C2C = {
			isa = PBXGroup;
			children = (
				6314EDF61F044BB400BB4CC8 /* myfunc.h */,
				63BD14F11DF38DF0008A5134 /* main.cpp */,
				63BD14F21DF38DF0008A5134 /* myfunc.cpp */,
				63875A161DF38D9200867C2C /* Example-005 */,
				63875A151DF38D9200867C2C /* Products */,
			);
			sourceTree = "<group>";
		};
		63875A151DF38D9200867C2C /* Products */ = {
			isa = PBXGroup;
			children = (
				63875A141DF38D9200867C2C /* Example-005 */,
			);
			name = Products;
			sourceTree = "<group>";
		};
		63875A161DF38D9200867C2C /* Example-005 */ = {
			isa = PBXGroup;
			children = (
			);
			path = "Example-005";
			sourceTree = "<group>";
		};
/* End PBXGroup section */

/* Begin PBXNativeTarget section */
		63875A131DF38D9200867C2C /* Example-005 */ = {
			isa = PBXNativeTarget;
			buildConfigurationList = 63875A1B1DF38D9200867C2C /* Build configuration list for PBXNativeTarget "Example-005" */;
			buildPhases = (
				63875A101DF38D9200867C2C /* Sources */,
				63875A111DF38D9200867C2C /* Frameworks */,
				63875A121DF38D9200867C2C /* CopyFiles */,
			);
			buildRules = (
			);
			dependencies = (
			);
			name = "Example-005";
			productName = "Example-005";
			productReference = 63875A141DF38D9200867C2C /* Example-005 */;
			productType = "com.apple.product-type.tool";
		};
/* End PBXNativeTarget section */

/* Begin PBXProject section */
		63875A0C1DF38D9200867C2C /* Project object */ = {
			isa = PBXProject;
			attributes = {
				LastUpgradeCheck = 0900;
				ORGANIZATIONNAME = "David Canino";
				TargetAttributes = {
					63875A131DF38D9200867C2C = {
						CreatedOnToolsVersion = 8.1;
						DevelopmentTeam = WFRBN668F6;
						ProvisioningStyle = Automatic;
					};
				};
			};
			buildConfigurationList = 63875A0F1DF38D9200867C2C /* Build configuration list for PBXProject "Example-005" */;
			compatibilityVersion = "Xcode 3.2";
			developmentRegion = English;
			hasScannedForEncodings = 0;
			knownRegions = (
				en,
			);
			mainGroup = 63875A0B1DF38D9100867C2C;
			productRefGroup = 63875A151DF38D9200867C2C /* Products */;
			projectDirPath = "";
			projectRoot = "";
			targets = (
				63875A131DF38D9200867C2C /* Example-005 */,
			);
		};
/* End PBXProject section */

/* Begin PBXSourcesBuildPhase section */
		63875A101DF38D9200867C2C /* Sources */ = {
			isa = PBXSourcesBuildPhase;
			buildActionMask = 2147483647;
			files = (
				63BD14F31DF38DF0008A5134 /* main.cpp in Sources */,
				63BD14F41DF38DF0008A5134 /* myfunc.cpp in Sources */,
			);
			runOnlyForDeploymentPostprocessing = 0;
		};
/* End PBXSourcesBuildPhase section */

/* Begin XCBuildConfiguration section */
		63875A191DF38D9200867C2C /* Debug */ = {
			isa = XCBuildConfiguration;
			buildSettings = {
				ALWAYS_SEARCH_USER_PATHS = NO;
				CLANG_ANALYZER_NONNULL = YES;
				CLANG_CXX_LANGUAGE_STANDARD = "gnu++0x";
				CLANG_CXX_LIBRARY = "libc++";
				CLANG_ENABLE_MODULES = YES;
				CLANG_ENABLE_OBJC_ARC = YES;
				CLANG_WARN_BLOCK_CAPTURE_AUTORELEASING = YES;
				CLANG_WARN_BOOL_CONVERSION = YES;
				CLANG_WARN_COMMA = YES;
				CLANG_WARN_CONSTANT_CONVERSION = YES;
				CLANG_WARN_DIRECT_OBJC_ISA_USAGE = YES_ERROR;
				CLANG_WARN_DOCUMENTATION_COMMENTS = YES;
				CLANG_WARN_EMPTY_BODY = YES;
				CLANG_WARN_ENUM_CONVERSION = YES;
				CLANG_WARN_INFINITE_RECURSION = YES;
				CLANG_WARN_INT_CONVERSION = YES;
				CLANG_WARN_NON_LITERAL_NULL_CONVERSION = YES;
				CLANG_WARN_OBJC_LITERAL_CONVERSION = YES;
				CLANG_WARN_OBJC_ROOT_CLASS = YES_ERROR;
				CLANG_WARN_RANGE_LOOP_ANALYSIS = YES;
				CLANG_WARN_STRICT_PROTOTYPES = YES;
				CLANG_WARN_SUSPICIOUS_MOVE = YES;
				CLANG_WARN_SUSPICIOUS_MOVES = YES;
				CLANG_WARN_UNREACHABLE_CODE = YES;
				CLANG_WARN__DUPLICATE_METHOD_MATCH = YES;
				CODE_SIGN_IDENTITY = "-";
				COPY_PHASE_STRIP = NO;
				DEBUG_INFORMATION_FORMAT = dwarf;
				ENABLE_STRICT_OBJC_MSGSEND = YES;
				ENABLE_TESTABILITY = YES;
				GCC_C_LANGUAGE_STANDARD = gnu99;
				GCC_DYNAMIC_NO_PIC = NO;
				GCC_NO_COMMON_BLOCKS = YES;
				GCC_OPTIMIZATION_LEVEL = 0;
				GCC_PREPROCESSOR_DEFINITIONS = (
					"DEBUG=1",
					"$(inherited)",
				);
				GCC_WARN_64_TO_32_BIT_CONVERSION = YES;
				GCC_WARN_ABOUT_RETURN_TYPE = YES_ERROR;
				GCC_WARN_UNDECLARED_SELECTOR = YES;
				GCC_WARN_UNINITIALIZED_AUTOS = YES_AGGRESSIVE;
				GCC_WARN_UNUSED_FUNCTION = YES;
				GCC_WARN_UNUSED_VARIABLE = YES;
				MACOSX_DEPLOYMENT_TARGET = 10.11;
				MTL_ENABLE_DEBUG_INFO = YES;
				ONLY_ACTIVE_ARCH = YES;
				SDKROOT = macosx;
			};
			name = Debug;
		};
		63875A1A1DF38D9200867C2C /* Release */ = {
			isa = XCBuildConfiguration;
			buildSettings = {
				ALWAYS_SEARCH_USER_PATHS = NO;
				CLANG_ANALYZER_NONNULL = YES;
				CLANG_CXX_LANGUAGE_STANDARD = "gnu++0x";
				CLANG_CXX_LIBRARY = "libc++";
				CLANG_ENABLE_MODULES = YES;
				CLANG_ENABLE_OBJC_ARC = YES;
				CLANG_WARN_BLOCK_CAPTURE_AUTORELEASING = YES;
				CLANG_WARN_BOOL_CONVERSION = YES;
				CLANG_WARN_COMMA = YES;
				CLANG_WARN_CONSTANT_CONVERSION = YES;
				CLANG_WARN_DIRECT_OBJC_ISA_USAGE = YES_ERROR;
				CLANG_WARN_DOCUMENTATION_COMMENTS = YES;
				CLANG_WARN_EMPTY_BODY = YES;
				CLANG_WARN_ENUM_CONVERSION = YES;
				CLANG_WARN_INFINITE_RECURSION = YES;
				CLANG_WARN_INT_CONVERSION = YES;
				CLANG_WARN_NON_LITERAL_NULL_CONVERSION = YES;
				CLANG_WARN_OBJC_LITERAL_CONVERSION = YES;
				CLANG_WARN_OBJC_ROOT_CLASS = YES_ERROR;
				CLANG_WARN_RANGE_LOOP_ANALYSIS = YES;
				CLANG_WARN_STRICT_PROTOTYPES = YES;
				CLANG_WARN_SUSPICIOUS_MOVE = YES;
				CLANG_WARN_SUSPICIOUS_MOVES = YES;
				CLANG_WARN_UNREACHABLE_CODE = YES;
				CLANG_WARN__DUPLICATE_METHOD_MATCH = YES;
				CODE_SIGN_IDENTITY = "-";
				COPY_PHASE_STRIP = NO;
				DEBUG_INFORMATION_FORMAT = "dwarf-with-dsym";
				ENABLE_NS_ASSERTIONS = NO;
				ENABLE_STRICT_OBJC_MSGSEND = YES;
				GCC_C_LANGUAGE_STANDARD = gnu99;
				GCC_NO_COMMON_BLOCKS = YES;
				GCC_WARN_64_TO_32_BIT_CONVERSION = YES;
				GCC_WARN_ABOUT_RETURN_TYPE = YES_ERROR;
				GCC_WARN_UNDECLARED_SELECTOR = YES;
				GCC_WARN_UNINITIALIZED_AUTOS = YES_AGGRESSIVE;
				GCC_WARN_UNUSED_FUNCTION = YES;
				GCC_WARN_UNUSED_VARIABLE = YES;
				MACOSX_DEPLOYMENT_TARGET = 10.11;
				MTL_ENABLE_DEBUG_INFO = NO;
				SDKROOT = macosx;
			};
			name = Release;
		};
		63875A1C1DF38D9200867C2C /* Debug */ = {
			isa = XCBuildConfiguration;
			buildSettings = {
				DEVELOPMENT_TEAM = WFRBN668F6;
				"HEADER_SEARCH_PATHS[arch=*]" = ../include/;
				PRODUCT_NAME = "$(TARGET_NAME)";
			};
			name = Debug;
		};
		63875A1D1DF38D9200867C2C /* Release */ = {
			isa = XCBuildConfiguration;
			buildSettings = {
				DEVELOPMENT_TEAM = WFRBN668F6;
				"HEADER_SEARCH_PATHS[arch=*]" = ../include/;
				PRODUCT_NAME = "$(TARGET_NAME)";
			};
			name = Release;
		};
/* End XCBuildConfiguration section */

/* Begin XCConfigurationList section */
		63875A0F1DF38D9200867C2C /* Build configuration list for PBXProject "Example-005" */ = {
			isa = XCConfigurationList;
			buildConfigurations = (
				63875A191DF38D9200867C2C /* Debug */,
				63875A1A1DF38D9200867C2C /* Release */,
			);
			defaultConfigurationIsVisible = 0;
			defaultConfigurationName = Release;
		};
		63875A1B1DF38D9200867C2C /* Build configuration list for PBXNativeTarget "Example-005" */ = {
			isa = XCConfigurationList;
			buildConfigurations = (
				63875A1C1DF38D9200867C2C /* Debug */,
				63875A1D1DF38D9200867C2C /* Release */,
			);
			defaultConfigurationIsVisible = 0;
			defaultConfigurationName = Release;
		};
/* End XCConfigurationList section */
	};
	rootObject = 63875A0C1DF38D9200867C2C /* Project object */;
}
